{"version":4,"terraform_version":"1.10.6","serial":1,"lineage":"003419a2-0e8f-94b9-e497-7db3a5bf0caa","outputs":{},"resources":[{"module":"module.sample_app_1","mode":"managed","type":"aws_instance","name":"sample_app","provider":"module.sample_app_1.provider[\"registry.opentofu.org/hashicorp/aws\"]","instances":[{"index_key":0,"schema_version":2,"attributes":{"ami":"ami-037ed661902baab1a","arn":"arn:aws:ec2:us-east-2:161805489151:instance/i-0ed56b5790d18e00a","associate_public_ip_address":true,"availability_zone":"us-east-2b","capacity_reservation_specification":[{"capacity_reservation_preference":"open","capacity_reservation_target":[]}],"cpu_options":[{"amd_sev_snp":"","core_count":1,"threads_per_core":2}],"credit_specification":[{"cpu_credits":"unlimited"}],"disable_api_stop":false,"disable_api_termination":false,"ebs_block_device":[],"ebs_optimized":false,"enable_primary_ipv6":null,"enclave_options":[{"enabled":false}],"ephemeral_block_device":[],"force_destroy":false,"get_password_data":false,"hibernation":false,"host_id":"","host_resource_group_arn":null,"iam_instance_profile":"","id":"i-0ed56b5790d18e00a","instance_initiated_shutdown_behavior":"stop","instance_lifecycle":"","instance_market_options":[],"instance_state":"running","instance_type":"t3.micro","ipv6_address_count":0,"ipv6_addresses":[],"key_name":"","launch_template":[],"maintenance_options":[{"auto_recovery":"default"}],"metadata_options":[{"http_endpoint":"enabled","http_protocol_ipv6":"disabled","http_put_response_hop_limit":2,"http_tokens":"required","instance_metadata_tags":"disabled"}],"monitoring":false,"network_interface":[],"outpost_arn":"","password_data":"","placement_group":"","placement_group_id":"","placement_partition_number":0,"primary_network_interface":[{"delete_on_termination":true,"network_interface_id":"eni-0d0f736a9dbd3644a"}],"primary_network_interface_id":"eni-0d0f736a9dbd3644a","private_dns":"ip-172-31-19-244.us-east-2.compute.internal","private_dns_name_options":[{"enable_resource_name_dns_a_record":false,"enable_resource_name_dns_aaaa_record":false,"hostname_type":"ip-name"}],"private_ip":"172.31.19.244","public_dns":"ec2-3-129-207-199.us-east-2.compute.amazonaws.com","public_ip":"3.129.207.199","region":"us-east-2","root_block_device":[{"delete_on_termination":true,"device_name":"/dev/xvda","encrypted":false,"iops":3000,"kms_key_id":"","tags":{},"tags_all":{},"throughput":125,"volume_id":"vol-0aeae690456088be8","volume_size":8,"volume_type":"gp3"}],"secondary_private_ips":[],"security_groups":["sample-app-tofu-1"],"source_dest_check":true,"spot_instance_request_id":"","subnet_id":"subnet-0aa11d5210e5c82fb","tags":{"Name":"sample-app-tofu-1","Test":"update"},"tags_all":{"Name":"sample-app-tofu-1","Test":"update"},"tenancy":"default","timeouts":null,"user_data":"#!/usr/bin/env bash\nnohup node /home/ec2-user/app.js \u0026\n","user_data_base64":null,"user_data_replace_on_change":false,"volume_tags":null,"vpc_security_group_ids":["sg-01a0ba746c34ba761"]},"sensitive_attributes":[],"private":"eyJlMmJmYjczMC1lY2FhLTExZTYtOGY4OC0zNDM2M2JjN2M0YzAiOnsiY3JlYXRlIjo2MDAwMDAwMDAwMDAsImRlbGV0ZSI6MTIwMDAwMDAwMDAwMCwicmVhZCI6OTAwMDAwMDAwMDAwLCJ1cGRhdGUiOjYwMDAwMDAwMDAwMH0sInNjaGVtYV92ZXJzaW9uIjoiMiJ9","dependencies":["module.sample_app_1.aws_security_group.sample_app"]},{"index_key":1,"schema_version":2,"attributes":{"ami":"ami-037ed661902baab1a","arn":"arn:aws:ec2:us-east-2:161805489151:instance/i-0001f06aa974d65e1","associate_public_ip_address":true,"availability_zone":"us-east-2b","capacity_reservation_specification":[{"capacity_reservation_preference":"open","capacity_reservation_target":[]}],"cpu_options":[{"amd_sev_snp":"","core_count":1,"threads_per_core":2}],"credit_specification":[{"cpu_credits":"unlimited"}],"disable_api_stop":false,"disable_api_termination":false,"ebs_block_device":[],"ebs_optimized":false,"enable_primary_ipv6":null,"enclave_options":[{"enabled":false}],"ephemeral_block_device":[],"force_destroy":false,"get_password_data":false,"hibernation":false,"host_id":"","host_resource_group_arn":null,"iam_instance_profile":"","id":"i-0001f06aa974d65e1","instance_initiated_shutdown_behavior":"stop","instance_lifecycle":"","instance_market_options":[],"instance_state":"running","instance_type":"t3.micro","ipv6_address_count":0,"ipv6_addresses":[],"key_name":"","launch_template":[],"maintenance_options":[{"auto_recovery":"default"}],"metadata_options":[{"http_endpoint":"enabled","http_protocol_ipv6":"disabled","http_put_response_hop_limit":2,"http_tokens":"required","instance_metadata_tags":"disabled"}],"monitoring":false,"network_interface":[],"outpost_arn":"","password_data":"","placement_group":"","placement_group_id":"","placement_partition_number":0,"primary_network_interface":[{"delete_on_termination":true,"network_interface_id":"eni-072152eb63a7a93b2"}],"primary_network_interface_id":"eni-072152eb63a7a93b2","private_dns":"ip-172-31-29-130.us-east-2.compute.internal","private_dns_name_options":[{"enable_resource_name_dns_a_record":false,"enable_resource_name_dns_aaaa_record":false,"hostname_type":"ip-name"}],"private_ip":"172.31.29.130","public_dns":"ec2-18-222-130-218.us-east-2.compute.amazonaws.com","public_ip":"18.222.130.218","region":"us-east-2","root_block_device":[{"delete_on_termination":true,"device_name":"/dev/xvda","encrypted":false,"iops":3000,"kms_key_id":"","tags":{},"tags_all":{},"throughput":125,"volume_id":"vol-0614af7facd0da430","volume_size":8,"volume_type":"gp3"}],"secondary_private_ips":[],"security_groups":["sample-app-tofu-1"],"source_dest_check":true,"spot_instance_request_id":"","subnet_id":"subnet-0aa11d5210e5c82fb","tags":{"Name":"sample-app-tofu-1","Test":"update"},"tags_all":{"Name":"sample-app-tofu-1","Test":"update"},"tenancy":"default","timeouts":null,"user_data":"#!/usr/bin/env bash\nnohup node /home/ec2-user/app.js \u0026\n","user_data_base64":null,"user_data_replace_on_change":false,"volume_tags":null,"vpc_security_group_ids":["sg-01a0ba746c34ba761"]},"sensitive_attributes":[],"private":"eyJlMmJmYjczMC1lY2FhLTExZTYtOGY4OC0zNDM2M2JjN2M0YzAiOnsiY3JlYXRlIjo2MDAwMDAwMDAwMDAsImRlbGV0ZSI6MTIwMDAwMDAwMDAwMCwicmVhZCI6OTAwMDAwMDAwMDAwLCJ1cGRhdGUiOjYwMDAwMDAwMDAwMH0sInNjaGVtYV92ZXJzaW9uIjoiMiJ9","dependencies":["module.sample_app_1.aws_security_group.sample_app"]},{"index_key":2,"schema_version":2,"attributes":{"ami":"ami-037ed661902baab1a","arn":"arn:aws:ec2:us-east-2:161805489151:instance/i-0bae9b2427361b584","associate_public_ip_address":true,"availability_zone":"us-east-2b","capacity_reservation_specification":[{"capacity_reservation_preference":"open","capacity_reservation_target":[]}],"cpu_options":[{"amd_sev_snp":"","core_count":1,"threads_per_core":2}],"credit_specification":[{"cpu_credits":"unlimited"}],"disable_api_stop":false,"disable_api_termination":false,"ebs_block_device":[],"ebs_optimized":false,"enable_primary_ipv6":null,"enclave_options":[{"enabled":false}],"ephemeral_block_device":[],"force_destroy":false,"get_password_data":false,"hibernation":false,"host_id":"","host_resource_group_arn":null,"iam_instance_profile":"","id":"i-0bae9b2427361b584","instance_initiated_shutdown_behavior":"stop","instance_lifecycle":"","instance_market_options":[],"instance_state":"running","instance_type":"t3.micro","ipv6_address_count":0,"ipv6_addresses":[],"key_name":"","launch_template":[],"maintenance_options":[{"auto_recovery":"default"}],"metadata_options":[{"http_endpoint":"enabled","http_protocol_ipv6":"disabled","http_put_response_hop_limit":2,"http_tokens":"required","instance_metadata_tags":"disabled"}],"monitoring":false,"network_interface":[],"outpost_arn":"","password_data":"","placement_group":"","placement_group_id":"","placement_partition_number":0,"primary_network_interface":[{"delete_on_termination":true,"network_interface_id":"eni-0075c555adcfd4ab0"}],"primary_network_interface_id":"eni-0075c555adcfd4ab0","private_dns":"ip-172-31-18-33.us-east-2.compute.internal","private_dns_name_options":[{"enable_resource_name_dns_a_record":false,"enable_resource_name_dns_aaaa_record":false,"hostname_type":"ip-name"}],"private_ip":"172.31.18.33","public_dns":"ec2-3-145-28-44.us-east-2.compute.amazonaws.com","public_ip":"3.145.28.44","region":"us-east-2","root_block_device":[{"delete_on_termination":true,"device_name":"/dev/xvda","encrypted":false,"iops":3000,"kms_key_id":"","tags":{},"tags_all":{},"throughput":125,"volume_id":"vol-082e3ee5d72d7c175","volume_size":8,"volume_type":"gp3"}],"secondary_private_ips":[],"security_groups":["sample-app-tofu-1"],"source_dest_check":true,"spot_instance_request_id":"","subnet_id":"subnet-0aa11d5210e5c82fb","tags":{"Name":"sample-app-tofu-1","Test":"update"},"tags_all":{"Name":"sample-app-tofu-1","Test":"update"},"tenancy":"default","timeouts":null,"user_data":"#!/usr/bin/env bash\nnohup node /home/ec2-user/app.js \u0026\n","user_data_base64":null,"user_data_replace_on_change":false,"volume_tags":null,"vpc_security_group_ids":["sg-01a0ba746c34ba761"]},"sensitive_attributes":[],"private":"eyJlMmJmYjczMC1lY2FhLTExZTYtOGY4OC0zNDM2M2JjN2M0YzAiOnsiY3JlYXRlIjo2MDAwMDAwMDAwMDAsImRlbGV0ZSI6MTIwMDAwMDAwMDAwMCwicmVhZCI6OTAwMDAwMDAwMDAwLCJ1cGRhdGUiOjYwMDAwMDAwMDAwMH0sInNjaGVtYV92ZXJzaW9uIjoiMiJ9","dependencies":["module.sample_app_1.aws_security_group.sample_app"]}]},{"module":"module.sample_app_1","mode":"managed","type":"aws_security_group","name":"sample_app","provider":"module.sample_app_1.provider[\"registry.opentofu.org/hashicorp/aws\"]","instances":[{"schema_version":1,"attributes":{"arn":"arn:aws:ec2:us-east-2:161805489151:security-group/sg-01a0ba746c34ba761","description":"Allow HTTP traffic into the sample app","egress":[],"id":"sg-01a0ba746c34ba761","ingress":[],"name":"sample-app-tofu-1","name_prefix":"","owner_id":"161805489151","region":"us-east-2","revoke_rules_on_delete":false,"tags":null,"tags_all":{},"timeouts":null,"vpc_id":"vpc-0e07471fefcda2cd2"},"sensitive_attributes":[],"private":"eyJlMmJmYjczMC1lY2FhLTExZTYtOGY4OC0zNDM2M2JjN2M0YzAiOnsiY3JlYXRlIjo2MDAwMDAwMDAwMDAsImRlbGV0ZSI6OTAwMDAwMDAwMDAwfSwic2NoZW1hX3ZlcnNpb24iOiIxIn0="}]},{"module":"module.sample_app_1","mode":"managed","type":"aws_security_group_rule","name":"allow_http_inbound","provider":"module.sample_app_1.provider[\"registry.opentofu.org/hashicorp/aws\"]","instances":[{"schema_version":2,"attributes":{"cidr_blocks":["0.0.0.0/0"],"description":null,"from_port":8080,"id":"sgrule-4281346879","ipv6_cidr_blocks":null,"prefix_list_ids":null,"protocol":"tcp","region":"us-east-2","security_group_id":"sg-01a0ba746c34ba761","security_group_rule_id":"sgr-0e8239a08f68e59e3","self":false,"source_security_group_id":null,"timeouts":null,"to_port":8080,"type":"ingress"},"sensitive_attributes":[],"private":"eyJlMmJmYjczMC1lY2FhLTExZTYtOGY4OC0zNDM2M2JjN2M0YzAiOnsiY3JlYXRlIjozMDAwMDAwMDAwMDB9LCJzY2hlbWFfdmVyc2lvbiI6IjIifQ==","dependencies":["module.sample_app_1.aws_security_group.sample_app"]}]},{"module":"module.sample_app_2","mode":"managed","type":"aws_instance","name":"sample_app","provider":"module.sample_app_2.provider[\"registry.opentofu.org/hashicorp/aws\"]","instances":[{"index_key":0,"schema_version":2,"attributes":{"ami":"ami-037ed661902baab1a","arn":"arn:aws:ec2:us-east-2:161805489151:instance/i-05a3e7d3c8d6b83dc","associate_public_ip_address":true,"availability_zone":"us-east-2b","capacity_reservation_specification":[{"capacity_reservation_preference":"open","capacity_reservation_target":[]}],"cpu_options":[{"amd_sev_snp":"","core_count":1,"threads_per_core":2}],"credit_specification":[{"cpu_credits":"unlimited"}],"disable_api_stop":false,"disable_api_termination":false,"ebs_block_device":[],"ebs_optimized":false,"enable_primary_ipv6":null,"enclave_options":[{"enabled":false}],"ephemeral_block_device":[],"force_destroy":false,"get_password_data":false,"hibernation":false,"host_id":"","host_resource_group_arn":null,"iam_instance_profile":"","id":"i-05a3e7d3c8d6b83dc","instance_initiated_shutdown_behavior":"stop","instance_lifecycle":"","instance_market_options":[],"instance_state":"running","instance_type":"t3.micro","ipv6_address_count":0,"ipv6_addresses":[],"key_name":"","launch_template":[],"maintenance_options":[{"auto_recovery":"default"}],"metadata_options":[{"http_endpoint":"enabled","http_protocol_ipv6":"disabled","http_put_response_hop_limit":2,"http_tokens":"required","instance_metadata_tags":"disabled"}],"monitoring":false,"network_interface":[],"outpost_arn":"","password_data":"","placement_group":"","placement_group_id":"","placement_partition_number":0,"primary_network_interface":[{"delete_on_termination":true,"network_interface_id":"eni-0a87412a0b7416447"}],"primary_network_interface_id":"eni-0a87412a0b7416447","private_dns":"ip-172-31-27-125.us-east-2.compute.internal","private_dns_name_options":[{"enable_resource_name_dns_a_record":false,"enable_resource_name_dns_aaaa_record":false,"hostname_type":"ip-name"}],"private_ip":"172.31.27.125","public_dns":"ec2-18-216-4-219.us-east-2.compute.amazonaws.com","public_ip":"18.216.4.219","region":"us-east-2","root_block_device":[{"delete_on_termination":true,"device_name":"/dev/xvda","encrypted":false,"iops":3000,"kms_key_id":"","tags":{},"tags_all":{},"throughput":125,"volume_id":"vol-02b36535a90a24169","volume_size":8,"volume_type":"gp3"}],"secondary_private_ips":[],"security_groups":["sample-app-tofu-2"],"source_dest_check":true,"spot_instance_request_id":"","subnet_id":"subnet-0aa11d5210e5c82fb","tags":{"Name":"sample-app-tofu-2","Test":"update"},"tags_all":{"Name":"sample-app-tofu-2","Test":"update"},"tenancy":"default","timeouts":null,"user_data":"#!/usr/bin/env bash\nnohup node /home/ec2-user/app.js \u0026\n","user_data_base64":null,"user_data_replace_on_change":false,"volume_tags":null,"vpc_security_group_ids":["sg-0a07a36a89eac1062"]},"sensitive_attributes":[],"private":"eyJlMmJmYjczMC1lY2FhLTExZTYtOGY4OC0zNDM2M2JjN2M0YzAiOnsiY3JlYXRlIjo2MDAwMDAwMDAwMDAsImRlbGV0ZSI6MTIwMDAwMDAwMDAwMCwicmVhZCI6OTAwMDAwMDAwMDAwLCJ1cGRhdGUiOjYwMDAwMDAwMDAwMH0sInNjaGVtYV92ZXJzaW9uIjoiMiJ9","dependencies":["module.sample_app_2.aws_security_group.sample_app"]},{"index_key":1,"schema_version":2,"attributes":{"ami":"ami-037ed661902baab1a","arn":"arn:aws:ec2:us-east-2:161805489151:instance/i-03de48ca79ba54aaf","associate_public_ip_address":true,"availability_zone":"us-east-2b","capacity_reservation_specification":[{"capacity_reservation_preference":"open","capacity_reservation_target":[]}],"cpu_options":[{"amd_sev_snp":"","core_count":1,"threads_per_core":2}],"credit_specification":[{"cpu_credits":"unlimited"}],"disable_api_stop":false,"disable_api_termination":false,"ebs_block_device":[],"ebs_optimized":false,"enable_primary_ipv6":null,"enclave_options":[{"enabled":false}],"ephemeral_block_device":[],"force_destroy":false,"get_password_data":false,"hibernation":false,"host_id":"","host_resource_group_arn":null,"iam_instance_profile":"","id":"i-03de48ca79ba54aaf","instance_initiated_shutdown_behavior":"stop","instance_lifecycle":"","instance_market_options":[],"instance_state":"running","instance_type":"t3.micro","ipv6_address_count":0,"ipv6_addresses":[],"key_name":"","launch_template":[],"maintenance_options":[{"auto_recovery":"default"}],"metadata_options":[{"http_endpoint":"enabled","http_protocol_ipv6":"disabled","http_put_response_hop_limit":2,"http_tokens":"required","instance_metadata_tags":"disabled"}],"monitoring":false,"network_interface":[],"outpost_arn":"","password_data":"","placement_group":"","placement_group_id":"","placement_partition_number":0,"primary_network_interface":[{"delete_on_termination":true,"network_interface_id":"eni-0fbbba86c713fbc9b"}],"primary_network_interface_id":"eni-0fbbba86c713fbc9b","private_dns":"ip-172-31-29-197.us-east-2.compute.internal","private_dns_name_options":[{"enable_resource_name_dns_a_record":false,"enable_resource_name_dns_aaaa_record":false,"hostname_type":"ip-name"}],"private_ip":"172.31.29.197","public_dns":"ec2-3-150-126-216.us-east-2.compute.amazonaws.com","public_ip":"3.150.126.216","region":"us-east-2","root_block_device":[{"delete_on_termination":true,"device_name":"/dev/xvda","encrypted":false,"iops":3000,"kms_key_id":"","tags":{},"tags_all":{},"throughput":125,"volume_id":"vol-0f85e68b6929acd3a","volume_size":8,"volume_type":"gp3"}],"secondary_private_ips":[],"security_groups":["sample-app-tofu-2"],"source_dest_check":true,"spot_instance_request_id":"","subnet_id":"subnet-0aa11d5210e5c82fb","tags":{"Name":"sample-app-tofu-2","Test":"update"},"tags_all":{"Name":"sample-app-tofu-2","Test":"update"},"tenancy":"default","timeouts":null,"user_data":"#!/usr/bin/env bash\nnohup node /home/ec2-user/app.js \u0026\n","user_data_base64":null,"user_data_replace_on_change":false,"volume_tags":null,"vpc_security_group_ids":["sg-0a07a36a89eac1062"]},"sensitive_attributes":[],"private":"eyJlMmJmYjczMC1lY2FhLTExZTYtOGY4OC0zNDM2M2JjN2M0YzAiOnsiY3JlYXRlIjo2MDAwMDAwMDAwMDAsImRlbGV0ZSI6MTIwMDAwMDAwMDAwMCwicmVhZCI6OTAwMDAwMDAwMDAwLCJ1cGRhdGUiOjYwMDAwMDAwMDAwMH0sInNjaGVtYV92ZXJzaW9uIjoiMiJ9","dependencies":["module.sample_app_2.aws_security_group.sample_app"]},{"index_key":2,"schema_version":2,"attributes":{"ami":"ami-037ed661902baab1a","arn":"arn:aws:ec2:us-east-2:161805489151:instance/i-01279864cef751790","associate_public_ip_address":true,"availability_zone":"us-east-2b","capacity_reservation_specification":[{"capacity_reservation_preference":"open","capacity_reservation_target":[]}],"cpu_options":[{"amd_sev_snp":"","core_count":1,"threads_per_core":2}],"credit_specification":[{"cpu_credits":"unlimited"}],"disable_api_stop":false,"disable_api_termination":false,"ebs_block_device":[],"ebs_optimized":false,"enable_primary_ipv6":null,"enclave_options":[{"enabled":false}],"ephemeral_block_device":[],"force_destroy":false,"get_password_data":false,"hibernation":false,"host_id":"","host_resource_group_arn":null,"iam_instance_profile":"","id":"i-01279864cef751790","instance_initiated_shutdown_behavior":"stop","instance_lifecycle":"","instance_market_options":[],"instance_state":"running","instance_type":"t3.micro","ipv6_address_count":0,"ipv6_addresses":[],"key_name":"","launch_template":[],"maintenance_options":[{"auto_recovery":"default"}],"metadata_options":[{"http_endpoint":"enabled","http_protocol_ipv6":"disabled","http_put_response_hop_limit":2,"http_tokens":"required","instance_metadata_tags":"disabled"}],"monitoring":false,"network_interface":[],"outpost_arn":"","password_data":"","placement_group":"","placement_group_id":"","placement_partition_number":0,"primary_network_interface":[{"delete_on_termination":true,"network_interface_id":"eni-0196d200b128fb738"}],"primary_network_interface_id":"eni-0196d200b128fb738","private_dns":"ip-172-31-22-101.us-east-2.compute.internal","private_dns_name_options":[{"enable_resource_name_dns_a_record":false,"enable_resource_name_dns_aaaa_record":false,"hostname_type":"ip-name"}],"private_ip":"172.31.22.101","public_dns":"ec2-3-134-252-135.us-east-2.compute.amazonaws.com","public_ip":"3.134.252.135","region":"us-east-2","root_block_device":[{"delete_on_termination":true,"device_name":"/dev/xvda","encrypted":false,"iops":3000,"kms_key_id":"","tags":{},"tags_all":{},"throughput":125,"volume_id":"vol-059141e94fb78473c","volume_size":8,"volume_type":"gp3"}],"secondary_private_ips":[],"security_groups":["sample-app-tofu-2"],"source_dest_check":true,"spot_instance_request_id":"","subnet_id":"subnet-0aa11d5210e5c82fb","tags":{"Name":"sample-app-tofu-2","Test":"update"},"tags_all":{"Name":"sample-app-tofu-2","Test":"update"},"tenancy":"default","timeouts":null,"user_data":"#!/usr/bin/env bash\nnohup node /home/ec2-user/app.js \u0026\n","user_data_base64":null,"user_data_replace_on_change":false,"volume_tags":null,"vpc_security_group_ids":["sg-0a07a36a89eac1062"]},"sensitive_attributes":[],"private":"eyJlMmJmYjczMC1lY2FhLTExZTYtOGY4OC0zNDM2M2JjN2M0YzAiOnsiY3JlYXRlIjo2MDAwMDAwMDAwMDAsImRlbGV0ZSI6MTIwMDAwMDAwMDAwMCwicmVhZCI6OTAwMDAwMDAwMDAwLCJ1cGRhdGUiOjYwMDAwMDAwMDAwMH0sInNjaGVtYV92ZXJzaW9uIjoiMiJ9","dependencies":["module.sample_app_2.aws_security_group.sample_app"]}]},{"module":"module.sample_app_2","mode":"managed","type":"aws_security_group","name":"sample_app","provider":"module.sample_app_2.provider[\"registry.opentofu.org/hashicorp/aws\"]","instances":[{"schema_version":1,"attributes":{"arn":"arn:aws:ec2:us-east-2:161805489151:security-group/sg-0a07a36a89eac1062","description":"Allow HTTP traffic into the sample app","egress":[],"id":"sg-0a07a36a89eac1062","ingress":[],"name":"sample-app-tofu-2","name_prefix":"","owner_id":"161805489151","region":"us-east-2","revoke_rules_on_delete":false,"tags":null,"tags_all":{},"timeouts":null,"vpc_id":"vpc-0e07471fefcda2cd2"},"sensitive_attributes":[],"private":"eyJlMmJmYjczMC1lY2FhLTExZTYtOGY4OC0zNDM2M2JjN2M0YzAiOnsiY3JlYXRlIjo2MDAwMDAwMDAwMDAsImRlbGV0ZSI6OTAwMDAwMDAwMDAwfSwic2NoZW1hX3ZlcnNpb24iOiIxIn0="}]},{"module":"module.sample_app_2","mode":"managed","type":"aws_security_group_rule","name":"allow_http_inbound","provider":"module.sample_app_2.provider[\"registry.opentofu.org/hashicorp/aws\"]","instances":[{"schema_version":2,"attributes":{"cidr_blocks":["0.0.0.0/0"],"description":null,"from_port":8080,"id":"sgrule-956160243","ipv6_cidr_blocks":null,"prefix_list_ids":null,"protocol":"tcp","region":"us-east-2","security_group_id":"sg-0a07a36a89eac1062","security_group_rule_id":"sgr-06b368d5536575500","self":false,"source_security_group_id":null,"timeouts":null,"to_port":8080,"type":"ingress"},"sensitive_attributes":[],"private":"eyJlMmJmYjczMC1lY2FhLTExZTYtOGY4OC0zNDM2M2JjN2M0YzAiOnsiY3JlYXRlIjozMDAwMDAwMDAwMDB9LCJzY2hlbWFfdmVyc2lvbiI6IjIifQ==","dependencies":["module.sample_app_2.aws_security_group.sample_app"]}]}],"check_results":null}
