{"version":4,"terraform_version":"1.10.6","serial":2,"lineage":"003419a2-0e8f-94b9-e497-7db3a5bf0caa","outputs":{},"resources":[{"module":"module.sample_app_1","mode":"managed","type":"aws_instance","name":"sample_app","provider":"module.sample_app_1.provider[\"registry.opentofu.org/hashicorp/aws\"]","instances":[{"schema_version":2,"attributes":{"ami":"ami-037ed661902baab1a","arn":"arn:aws:ec2:us-east-2:161805489151:instance/i-067c78861185b5a36","associate_public_ip_address":true,"availability_zone":"us-east-2b","capacity_reservation_specification":[{"capacity_reservation_preference":"open","capacity_reservation_target":[]}],"cpu_options":[{"amd_sev_snp":"","core_count":1,"threads_per_core":2}],"credit_specification":[{"cpu_credits":"unlimited"}],"disable_api_stop":false,"disable_api_termination":false,"ebs_block_device":[],"ebs_optimized":false,"enable_primary_ipv6":null,"enclave_options":[{"enabled":false}],"ephemeral_block_device":[],"force_destroy":false,"get_password_data":false,"hibernation":false,"host_id":"","host_resource_group_arn":null,"iam_instance_profile":"","id":"i-067c78861185b5a36","instance_initiated_shutdown_behavior":"stop","instance_lifecycle":"","instance_market_options":[],"instance_state":"running","instance_type":"t3.micro","ipv6_address_count":0,"ipv6_addresses":[],"key_name":"","launch_template":[],"maintenance_options":[{"auto_recovery":"default"}],"metadata_options":[{"http_endpoint":"enabled","http_protocol_ipv6":"disabled","http_put_response_hop_limit":2,"http_tokens":"required","instance_metadata_tags":"disabled"}],"monitoring":false,"network_interface":[],"outpost_arn":"","password_data":"","placement_group":"","placement_group_id":"","placement_partition_number":0,"primary_network_interface":[{"delete_on_termination":true,"network_interface_id":"eni-0b822ed54de05790b"}],"primary_network_interface_id":"eni-0b822ed54de05790b","private_dns":"ip-172-31-28-76.us-east-2.compute.internal","private_dns_name_options":[{"enable_resource_name_dns_a_record":false,"enable_resource_name_dns_aaaa_record":false,"hostname_type":"ip-name"}],"private_ip":"172.31.28.76","public_dns":"ec2-3-145-116-108.us-east-2.compute.amazonaws.com","public_ip":"3.145.116.108","region":"us-east-2","root_block_device":[{"delete_on_termination":true,"device_name":"/dev/xvda","encrypted":false,"iops":3000,"kms_key_id":"","tags":{},"tags_all":{},"throughput":125,"volume_id":"vol-0fe36c3c49172a188","volume_size":8,"volume_type":"gp3"}],"secondary_private_ips":[],"security_groups":["sample-app-tofu-1"],"source_dest_check":true,"spot_instance_request_id":"","subnet_id":"subnet-0aa11d5210e5c82fb","tags":{"Name":"sample-app-tofu-1","Test":"update"},"tags_all":{"Name":"sample-app-tofu-1","Test":"update"},"tenancy":"default","timeouts":null,"user_data":"#!/usr/bin/env bash\nnohup node /home/ec2-user/app.js \u0026\n","user_data_base64":null,"user_data_replace_on_change":false,"volume_tags":null,"vpc_security_group_ids":["sg-0f9e04b4d7b78c890"]},"sensitive_attributes":[],"private":"eyJlMmJmYjczMC1lY2FhLTExZTYtOGY4OC0zNDM2M2JjN2M0YzAiOnsiY3JlYXRlIjo2MDAwMDAwMDAwMDAsImRlbGV0ZSI6MTIwMDAwMDAwMDAwMCwicmVhZCI6OTAwMDAwMDAwMDAwLCJ1cGRhdGUiOjYwMDAwMDAwMDAwMH0sInNjaGVtYV92ZXJzaW9uIjoiMiJ9","dependencies":["module.sample_app_1.aws_security_group.sample_app"]}]},{"module":"module.sample_app_1","mode":"managed","type":"aws_security_group","name":"sample_app","provider":"module.sample_app_1.provider[\"registry.opentofu.org/hashicorp/aws\"]","instances":[{"schema_version":1,"attributes":{"arn":"arn:aws:ec2:us-east-2:161805489151:security-group/sg-0f9e04b4d7b78c890","description":"Allow HTTP traffic into sample-app-tofu-1","egress":[],"id":"sg-0f9e04b4d7b78c890","ingress":[],"name":"sample-app-tofu-1","name_prefix":"","owner_id":"161805489151","region":"us-east-2","revoke_rules_on_delete":false,"tags":null,"tags_all":{},"timeouts":null,"vpc_id":"vpc-0e07471fefcda2cd2"},"sensitive_attributes":[],"private":"eyJlMmJmYjczMC1lY2FhLTExZTYtOGY4OC0zNDM2M2JjN2M0YzAiOnsiY3JlYXRlIjo2MDAwMDAwMDAwMDAsImRlbGV0ZSI6OTAwMDAwMDAwMDAwfSwic2NoZW1hX3ZlcnNpb24iOiIxIn0="}]},{"module":"module.sample_app_1","mode":"managed","type":"aws_security_group_rule","name":"allow_http_inbound","provider":"module.sample_app_1.provider[\"registry.opentofu.org/hashicorp/aws\"]","instances":[{"schema_version":2,"attributes":{"cidr_blocks":["0.0.0.0/0"],"description":null,"from_port":8080,"id":"sgrule-1565643247","ipv6_cidr_blocks":null,"prefix_list_ids":null,"protocol":"tcp","region":"us-east-2","security_group_id":"sg-0f9e04b4d7b78c890","security_group_rule_id":"sgr-0358fee588357e15d","self":false,"source_security_group_id":null,"timeouts":null,"to_port":8080,"type":"ingress"},"sensitive_attributes":[],"private":"eyJlMmJmYjczMC1lY2FhLTExZTYtOGY4OC0zNDM2M2JjN2M0YzAiOnsiY3JlYXRlIjozMDAwMDAwMDAwMDB9LCJzY2hlbWFfdmVyc2lvbiI6IjIifQ==","dependencies":["module.sample_app_1.aws_security_group.sample_app"]}]},{"module":"module.sample_app_2","mode":"managed","type":"aws_instance","name":"sample_app","provider":"module.sample_app_2.provider[\"registry.opentofu.org/hashicorp/aws\"]","instances":[{"schema_version":2,"attributes":{"ami":"ami-037ed661902baab1a","arn":"arn:aws:ec2:us-east-2:161805489151:instance/i-034e8b7a033f83472","associate_public_ip_address":true,"availability_zone":"us-east-2b","capacity_reservation_specification":[{"capacity_reservation_preference":"open","capacity_reservation_target":[]}],"cpu_options":[{"amd_sev_snp":"","core_count":1,"threads_per_core":2}],"credit_specification":[{"cpu_credits":"unlimited"}],"disable_api_stop":false,"disable_api_termination":false,"ebs_block_device":[],"ebs_optimized":false,"enable_primary_ipv6":null,"enclave_options":[{"enabled":false}],"ephemeral_block_device":[],"force_destroy":false,"get_password_data":false,"hibernation":false,"host_id":"","host_resource_group_arn":null,"iam_instance_profile":"","id":"i-034e8b7a033f83472","instance_initiated_shutdown_behavior":"stop","instance_lifecycle":"","instance_market_options":[],"instance_state":"running","instance_type":"t3.micro","ipv6_address_count":0,"ipv6_addresses":[],"key_name":"","launch_template":[],"maintenance_options":[{"auto_recovery":"default"}],"metadata_options":[{"http_endpoint":"enabled","http_protocol_ipv6":"disabled","http_put_response_hop_limit":2,"http_tokens":"required","instance_metadata_tags":"disabled"}],"monitoring":false,"network_interface":[],"outpost_arn":"","password_data":"","placement_group":"","placement_group_id":"","placement_partition_number":0,"primary_network_interface":[{"delete_on_termination":true,"network_interface_id":"eni-0bc4484419305b5fe"}],"primary_network_interface_id":"eni-0bc4484419305b5fe","private_dns":"ip-172-31-16-45.us-east-2.compute.internal","private_dns_name_options":[{"enable_resource_name_dns_a_record":false,"enable_resource_name_dns_aaaa_record":false,"hostname_type":"ip-name"}],"private_ip":"172.31.16.45","public_dns":"ec2-18-219-92-147.us-east-2.compute.amazonaws.com","public_ip":"18.219.92.147","region":"us-east-2","root_block_device":[{"delete_on_termination":true,"device_name":"/dev/xvda","encrypted":false,"iops":3000,"kms_key_id":"","tags":{},"tags_all":{},"throughput":125,"volume_id":"vol-041206a2dc1ccbd57","volume_size":8,"volume_type":"gp3"}],"secondary_private_ips":[],"security_groups":["sample-app-tofu-2"],"source_dest_check":true,"spot_instance_request_id":"","subnet_id":"subnet-0aa11d5210e5c82fb","tags":{"Name":"sample-app-tofu-2","Test":"update"},"tags_all":{"Name":"sample-app-tofu-2","Test":"update"},"tenancy":"default","timeouts":null,"user_data":"#!/usr/bin/env bash\nnohup node /home/ec2-user/app.js \u0026\n","user_data_base64":null,"user_data_replace_on_change":false,"volume_tags":null,"vpc_security_group_ids":["sg-0d311041595fd93e9"]},"sensitive_attributes":[],"private":"eyJlMmJmYjczMC1lY2FhLTExZTYtOGY4OC0zNDM2M2JjN2M0YzAiOnsiY3JlYXRlIjo2MDAwMDAwMDAwMDAsImRlbGV0ZSI6MTIwMDAwMDAwMDAwMCwicmVhZCI6OTAwMDAwMDAwMDAwLCJ1cGRhdGUiOjYwMDAwMDAwMDAwMH0sInNjaGVtYV92ZXJzaW9uIjoiMiJ9","dependencies":["module.sample_app_2.aws_security_group.sample_app"]}]},{"module":"module.sample_app_2","mode":"managed","type":"aws_security_group","name":"sample_app","provider":"module.sample_app_2.provider[\"registry.opentofu.org/hashicorp/aws\"]","instances":[{"schema_version":1,"attributes":{"arn":"arn:aws:ec2:us-east-2:161805489151:security-group/sg-0d311041595fd93e9","description":"Allow HTTP traffic into sample-app-tofu-2","egress":[],"id":"sg-0d311041595fd93e9","ingress":[],"name":"sample-app-tofu-2","name_prefix":"","owner_id":"161805489151","region":"us-east-2","revoke_rules_on_delete":false,"tags":null,"tags_all":{},"timeouts":null,"vpc_id":"vpc-0e07471fefcda2cd2"},"sensitive_attributes":[],"private":"eyJlMmJmYjczMC1lY2FhLTExZTYtOGY4OC0zNDM2M2JjN2M0YzAiOnsiY3JlYXRlIjo2MDAwMDAwMDAwMDAsImRlbGV0ZSI6OTAwMDAwMDAwMDAwfSwic2NoZW1hX3ZlcnNpb24iOiIxIn0="}]},{"module":"module.sample_app_2","mode":"managed","type":"aws_security_group_rule","name":"allow_http_inbound","provider":"module.sample_app_2.provider[\"registry.opentofu.org/hashicorp/aws\"]","instances":[{"schema_version":2,"attributes":{"cidr_blocks":["0.0.0.0/0"],"description":null,"from_port":8080,"id":"sgrule-1323651791","ipv6_cidr_blocks":null,"prefix_list_ids":null,"protocol":"tcp","region":"us-east-2","security_group_id":"sg-0d311041595fd93e9","security_group_rule_id":"sgr-046bb0041386d6a54","self":false,"source_security_group_id":null,"timeouts":null,"to_port":8080,"type":"ingress"},"sensitive_attributes":[],"private":"eyJlMmJmYjczMC1lY2FhLTExZTYtOGY4OC0zNDM2M2JjN2M0YzAiOnsiY3JlYXRlIjozMDAwMDAwMDAwMDB9LCJzY2hlbWFfdmVyc2lvbiI6IjIifQ==","dependencies":["module.sample_app_2.aws_security_group.sample_app"]}]}],"check_results":null}
