{"version":4,"terraform_version":"1.10.6","serial":6,"lineage":"e77cacbb-3220-5b6a-7698-a65b7132dca1","outputs":{"instance_id":{"value":["i-0993345478e77f97b","i-05b75dd0bc479dfc0","i-018daf18d3510439a"],"type":["tuple",["string","string","string"]]},"public_ip":{"value":["3.140.201.169","18.224.3.118","13.59.30.146"],"type":["tuple",["string","string","string"]]},"security_group_id":{"value":"sg-0707c6c5157c5dbfa","type":"string"}},"resources":[{"mode":"managed","type":"aws_instance","name":"sample_app","provider":"provider[\"registry.opentofu.org/hashicorp/aws\"]","instances":[{"index_key":0,"schema_version":2,"attributes":{"ami":"ami-01ab4c798c8581874","arn":"arn:aws:ec2:us-east-2:161805489151:instance/i-0993345478e77f97b","associate_public_ip_address":true,"availability_zone":"us-east-2b","capacity_reservation_specification":[{"capacity_reservation_preference":"open","capacity_reservation_target":[]}],"cpu_options":[{"amd_sev_snp":"","core_count":1,"threads_per_core":2}],"credit_specification":[{"cpu_credits":"unlimited"}],"disable_api_stop":false,"disable_api_termination":false,"ebs_block_device":[],"ebs_optimized":false,"enable_primary_ipv6":null,"enclave_options":[{"enabled":false}],"ephemeral_block_device":[],"force_destroy":false,"get_password_data":false,"hibernation":false,"host_id":"","host_resource_group_arn":null,"iam_instance_profile":"","id":"i-0993345478e77f97b","instance_initiated_shutdown_behavior":"stop","instance_lifecycle":"","instance_market_options":[],"instance_state":"running","instance_type":"t3.micro","ipv6_address_count":0,"ipv6_addresses":[],"key_name":"","launch_template":[],"maintenance_options":[{"auto_recovery":"default"}],"metadata_options":[{"http_endpoint":"enabled","http_protocol_ipv6":"disabled","http_put_response_hop_limit":2,"http_tokens":"required","instance_metadata_tags":"disabled"}],"monitoring":false,"network_interface":[],"outpost_arn":"","password_data":"","placement_group":"","placement_group_id":"","placement_partition_number":0,"primary_network_interface":[{"delete_on_termination":true,"network_interface_id":"eni-054aab80319aed127"}],"primary_network_interface_id":"eni-054aab80319aed127","private_dns":"ip-172-31-27-78.us-east-2.compute.internal","private_dns_name_options":[{"enable_resource_name_dns_a_record":false,"enable_resource_name_dns_aaaa_record":false,"hostname_type":"ip-name"}],"private_ip":"172.31.27.78","public_dns":"ec2-3-140-201-169.us-east-2.compute.amazonaws.com","public_ip":"3.140.201.169","region":"us-east-2","root_block_device":[{"delete_on_termination":true,"device_name":"/dev/xvda","encrypted":false,"iops":3000,"kms_key_id":"","tags":{},"tags_all":{},"throughput":125,"volume_id":"vol-036ae679404cf0b60","volume_size":8,"volume_type":"gp3"}],"secondary_private_ips":[],"security_groups":["sample-app-tofu"],"source_dest_check":true,"spot_instance_request_id":"","subnet_id":"subnet-0aa11d5210e5c82fb","tags":{"Name":"sample-app-0","Test":"update"},"tags_all":{"Name":"sample-app-0","Test":"update"},"tenancy":"default","timeouts":null,"user_data":"#!/usr/bin/env bash\nnohup node /home/ec2-user/app.js \u0026\n","user_data_base64":null,"user_data_replace_on_change":false,"volume_tags":null,"vpc_security_group_ids":["sg-0707c6c5157c5dbfa"]},"sensitive_attributes":[],"private":"eyJlMmJmYjczMC1lY2FhLTExZTYtOGY4OC0zNDM2M2JjN2M0YzAiOnsiY3JlYXRlIjo2MDAwMDAwMDAwMDAsImRlbGV0ZSI6MTIwMDAwMDAwMDAwMCwicmVhZCI6OTAwMDAwMDAwMDAwLCJ1cGRhdGUiOjYwMDAwMDAwMDAwMH0sInNjaGVtYV92ZXJzaW9uIjoiMiJ9","dependencies":["aws_security_group.sample_app"]},{"index_key":1,"schema_version":2,"attributes":{"ami":"ami-01ab4c798c8581874","arn":"arn:aws:ec2:us-east-2:161805489151:instance/i-05b75dd0bc479dfc0","associate_public_ip_address":true,"availability_zone":"us-east-2b","capacity_reservation_specification":[{"capacity_reservation_preference":"open","capacity_reservation_target":[]}],"cpu_options":[{"amd_sev_snp":"","core_count":1,"threads_per_core":2}],"credit_specification":[{"cpu_credits":"unlimited"}],"disable_api_stop":false,"disable_api_termination":false,"ebs_block_device":[],"ebs_optimized":false,"enable_primary_ipv6":null,"enclave_options":[{"enabled":false}],"ephemeral_block_device":[],"force_destroy":false,"get_password_data":false,"hibernation":false,"host_id":"","host_resource_group_arn":null,"iam_instance_profile":"","id":"i-05b75dd0bc479dfc0","instance_initiated_shutdown_behavior":"stop","instance_lifecycle":"","instance_market_options":[],"instance_state":"running","instance_type":"t3.micro","ipv6_address_count":0,"ipv6_addresses":[],"key_name":"","launch_template":[],"maintenance_options":[{"auto_recovery":"default"}],"metadata_options":[{"http_endpoint":"enabled","http_protocol_ipv6":"disabled","http_put_response_hop_limit":2,"http_tokens":"required","instance_metadata_tags":"disabled"}],"monitoring":false,"network_interface":[],"outpost_arn":"","password_data":"","placement_group":"","placement_group_id":"","placement_partition_number":0,"primary_network_interface":[{"delete_on_termination":true,"network_interface_id":"eni-0a086ef2ae5cb5d3c"}],"primary_network_interface_id":"eni-0a086ef2ae5cb5d3c","private_dns":"ip-172-31-21-48.us-east-2.compute.internal","private_dns_name_options":[{"enable_resource_name_dns_a_record":false,"enable_resource_name_dns_aaaa_record":false,"hostname_type":"ip-name"}],"private_ip":"172.31.21.48","public_dns":"ec2-18-224-3-118.us-east-2.compute.amazonaws.com","public_ip":"18.224.3.118","region":"us-east-2","root_block_device":[{"delete_on_termination":true,"device_name":"/dev/xvda","encrypted":false,"iops":3000,"kms_key_id":"","tags":{},"tags_all":{},"throughput":125,"volume_id":"vol-0d394c212f20fbbbb","volume_size":8,"volume_type":"gp3"}],"secondary_private_ips":[],"security_groups":["sample-app-tofu"],"source_dest_check":true,"spot_instance_request_id":"","subnet_id":"subnet-0aa11d5210e5c82fb","tags":{"Name":"sample-app-1","Test":"update"},"tags_all":{"Name":"sample-app-1","Test":"update"},"tenancy":"default","timeouts":null,"user_data":"#!/usr/bin/env bash\nnohup node /home/ec2-user/app.js \u0026\n","user_data_base64":null,"user_data_replace_on_change":false,"volume_tags":null,"vpc_security_group_ids":["sg-0707c6c5157c5dbfa"]},"sensitive_attributes":[],"private":"eyJlMmJmYjczMC1lY2FhLTExZTYtOGY4OC0zNDM2M2JjN2M0YzAiOnsiY3JlYXRlIjo2MDAwMDAwMDAwMDAsImRlbGV0ZSI6MTIwMDAwMDAwMDAwMCwicmVhZCI6OTAwMDAwMDAwMDAwLCJ1cGRhdGUiOjYwMDAwMDAwMDAwMH0sInNjaGVtYV92ZXJzaW9uIjoiMiJ9","dependencies":["aws_security_group.sample_app"]},{"index_key":2,"schema_version":2,"attributes":{"ami":"ami-01ab4c798c8581874","arn":"arn:aws:ec2:us-east-2:161805489151:instance/i-018daf18d3510439a","associate_public_ip_address":true,"availability_zone":"us-east-2b","capacity_reservation_specification":[{"capacity_reservation_preference":"open","capacity_reservation_target":[]}],"cpu_options":[{"amd_sev_snp":"","core_count":1,"threads_per_core":2}],"credit_specification":[{"cpu_credits":"unlimited"}],"disable_api_stop":false,"disable_api_termination":false,"ebs_block_device":[],"ebs_optimized":false,"enable_primary_ipv6":null,"enclave_options":[{"enabled":false}],"ephemeral_block_device":[],"force_destroy":false,"get_password_data":false,"hibernation":false,"host_id":"","host_resource_group_arn":null,"iam_instance_profile":"","id":"i-018daf18d3510439a","instance_initiated_shutdown_behavior":"stop","instance_lifecycle":"","instance_market_options":[],"instance_state":"running","instance_type":"t3.micro","ipv6_address_count":0,"ipv6_addresses":[],"key_name":"","launch_template":[],"maintenance_options":[{"auto_recovery":"default"}],"metadata_options":[{"http_endpoint":"enabled","http_protocol_ipv6":"disabled","http_put_response_hop_limit":2,"http_tokens":"required","instance_metadata_tags":"disabled"}],"monitoring":false,"network_interface":[],"outpost_arn":"","password_data":"","placement_group":"","placement_group_id":"","placement_partition_number":0,"primary_network_interface":[{"delete_on_termination":true,"network_interface_id":"eni-065bdc3e68db1e68c"}],"primary_network_interface_id":"eni-065bdc3e68db1e68c","private_dns":"ip-172-31-31-115.us-east-2.compute.internal","private_dns_name_options":[{"enable_resource_name_dns_a_record":false,"enable_resource_name_dns_aaaa_record":false,"hostname_type":"ip-name"}],"private_ip":"172.31.31.115","public_dns":"ec2-13-59-30-146.us-east-2.compute.amazonaws.com","public_ip":"13.59.30.146","region":"us-east-2","root_block_device":[{"delete_on_termination":true,"device_name":"/dev/xvda","encrypted":false,"iops":3000,"kms_key_id":"","tags":{},"tags_all":{},"throughput":125,"volume_id":"vol-07de52ebb5de8b3df","volume_size":8,"volume_type":"gp3"}],"secondary_private_ips":[],"security_groups":["sample-app-tofu"],"source_dest_check":true,"spot_instance_request_id":"","subnet_id":"subnet-0aa11d5210e5c82fb","tags":{"Name":"sample-app-2","Test":"update"},"tags_all":{"Name":"sample-app-2","Test":"update"},"tenancy":"default","timeouts":null,"user_data":"#!/usr/bin/env bash\nnohup node /home/ec2-user/app.js \u0026\n","user_data_base64":null,"user_data_replace_on_change":false,"volume_tags":null,"vpc_security_group_ids":["sg-0707c6c5157c5dbfa"]},"sensitive_attributes":[],"private":"eyJlMmJmYjczMC1lY2FhLTExZTYtOGY4OC0zNDM2M2JjN2M0YzAiOnsiY3JlYXRlIjo2MDAwMDAwMDAwMDAsImRlbGV0ZSI6MTIwMDAwMDAwMDAwMCwicmVhZCI6OTAwMDAwMDAwMDAwLCJ1cGRhdGUiOjYwMDAwMDAwMDAwMH0sInNjaGVtYV92ZXJzaW9uIjoiMiJ9","dependencies":["aws_security_group.sample_app"]}]},{"mode":"managed","type":"aws_security_group","name":"sample_app","provider":"provider[\"registry.opentofu.org/hashicorp/aws\"]","instances":[{"schema_version":1,"attributes":{"arn":"arn:aws:ec2:us-east-2:161805489151:security-group/sg-0707c6c5157c5dbfa","description":"Allow HTTP traffic into the sample app","egress":[],"id":"sg-0707c6c5157c5dbfa","ingress":[],"name":"sample-app-tofu","name_prefix":"","owner_id":"161805489151","region":"us-east-2","revoke_rules_on_delete":false,"tags":null,"tags_all":{},"timeouts":null,"vpc_id":"vpc-0e07471fefcda2cd2"},"sensitive_attributes":[],"private":"eyJlMmJmYjczMC1lY2FhLTExZTYtOGY4OC0zNDM2M2JjN2M0YzAiOnsiY3JlYXRlIjo2MDAwMDAwMDAwMDAsImRlbGV0ZSI6OTAwMDAwMDAwMDAwfSwic2NoZW1hX3ZlcnNpb24iOiIxIn0="}]},{"mode":"managed","type":"aws_security_group_rule","name":"allow_http_inbound","provider":"provider[\"registry.opentofu.org/hashicorp/aws\"]","instances":[{"schema_version":2,"attributes":{"cidr_blocks":["0.0.0.0/0"],"description":null,"from_port":8080,"id":"sgrule-3971454959","ipv6_cidr_blocks":null,"prefix_list_ids":null,"protocol":"tcp","region":"us-east-2","security_group_id":"sg-0707c6c5157c5dbfa","security_group_rule_id":"sgr-026abba863f17f083","self":false,"source_security_group_id":null,"timeouts":null,"to_port":8080,"type":"ingress"},"sensitive_attributes":[],"private":"eyJlMmJmYjczMC1lY2FhLTExZTYtOGY4OC0zNDM2M2JjN2M0YzAiOnsiY3JlYXRlIjozMDAwMDAwMDAwMDB9LCJzY2hlbWFfdmVyc2lvbiI6IjIifQ==","dependencies":["aws_security_group.sample_app"]}]}],"check_results":null}
